
Microsoft Visual Studio Solution File, Format Version 12.00
# Visual Studio 15
VisualStudioVersion = 15.0.28307.421
MinimumVisualStudioVersion = 10.0.40219.1
Project("{FAE04EC0-301F-11D3-BF4B-00C04F79EFBC}") = "producto2", "producto2\producto2.csproj", "{2D409284-CF73-4E97-8666-9086A5E118DF}"
EndProject
Global
	GlobalSection(SolutionConfigurationPlatforms) = preSolution
		Debug|Any CPU = Debug|Any CPU
		Release|Any CPU = Release|Any CPU
	EndGlobalSection
	GlobalSection(ProjectConfigurationPlatforms) = postSolution
		{2D409284-CF73-4E97-8666-9086A5E118DF}.Debug|Any CPU.ActiveCfg = Debug|Any CPU
		{2D409284-CF73-4E97-8666-9086A5E118DF}.Debug|Any CPU.Build.0 = Debug|Any CPU
		{2D409284-CF73-4E97-8666-9086A5E118DF}.Release|Any CPU.ActiveCfg = Release|Any CPU
		{2D409284-CF73-4E97-8666-9086A5E118DF}.Release|Any CPU.Build.0 = Release|Any CPU
	EndGlobalSection
	GlobalSection(SolutionProperties) = preSolution
		HideSolutionNode = FALSE
	EndGlobalSection
	GlobalSection(ExtensibilityGlobals) = postSolution
		SolutionGuid = {DA45EE9A-ADFF-47B7-A120-419DE26EBF06}
	EndGlobalSection
EndGlobal
